
Microsoft Visual Studio Solution File, Format Version 12.00
# Visual Studio Version 17
VisualStudioVersion = 17.14.36518.9
MinimumVisualStudioVersion = 10.0.40219.1
Project("{FAE04EC0-301F-11D3-BF4B-00C04F79EFBC}") = "Ejercicio2", "Ejercicio2\Ejercicio2.csproj", "{821D85D5-B50F-4728-9979-B8345DC8B6E5}"
EndProject
Project("{FAE04EC0-301F-11D3-BF4B-00C04F79EFBC}") = "Ejercicio2Formulario", "formularioEj2\Ejercicio2Formulario.csproj", "{8B79EEC9-DB24-4F8E-B495-A31281C65B0B}"
EndProject
Project("{FAE04EC0-301F-11D3-BF4B-00C04F79EFBC}") = "Ejercicio3", "..\Ejercicio3\Ejercicio3.csproj", "{885208B0-1316-43F8-8DE4-31ED033C6696}"
EndProject
Project("{FAE04EC0-301F-11D3-BF4B-00C04F79EFBC}") = "Ejercicio3Formulario", "Ejercicio3Formulario\Ejercicio3Formulario.csproj", "{998D84A1-7F9C-47E1-AE6B-4E07A6742676}"
EndProject
Project("{FAE04EC0-301F-11D3-BF4B-00C04F79EFBC}") = "PruebaCurro", "PruebaCurro\PruebaCurro.csproj", "{86395E4E-2909-4B95-A112-64667315204A}"
EndProject
Global
	GlobalSection(SolutionConfigurationPlatforms) = preSolution
		Debug|Any CPU = Debug|Any CPU
		Release|Any CPU = Release|Any CPU
	EndGlobalSection
	GlobalSection(ProjectConfigurationPlatforms) = postSolution
		{821D85D5-B50F-4728-9979-B8345DC8B6E5}.Debug|Any CPU.ActiveCfg = Debug|Any CPU
		{821D85D5-B50F-4728-9979-B8345DC8B6E5}.Debug|Any CPU.Build.0 = Debug|Any CPU
		{821D85D5-B50F-4728-9979-B8345DC8B6E5}.Release|Any CPU.ActiveCfg = Release|Any CPU
		{821D85D5-B50F-4728-9979-B8345DC8B6E5}.Release|Any CPU.Build.0 = Release|Any CPU
		{8B79EEC9-DB24-4F8E-B495-A31281C65B0B}.Debug|Any CPU.ActiveCfg = Debug|Any CPU
		{8B79EEC9-DB24-4F8E-B495-A31281C65B0B}.Debug|Any CPU.Build.0 = Debug|Any CPU
		{8B79EEC9-DB24-4F8E-B495-A31281C65B0B}.Release|Any CPU.ActiveCfg = Release|Any CPU
		{8B79EEC9-DB24-4F8E-B495-A31281C65B0B}.Release|Any CPU.Build.0 = Release|Any CPU
		{885208B0-1316-43F8-8DE4-31ED033C6696}.Debug|Any CPU.ActiveCfg = Debug|Any CPU
		{885208B0-1316-43F8-8DE4-31ED033C6696}.Debug|Any CPU.Build.0 = Debug|Any CPU
		{885208B0-1316-43F8-8DE4-31ED033C6696}.Release|Any CPU.ActiveCfg = Release|Any CPU
		{885208B0-1316-43F8-8DE4-31ED033C6696}.Release|Any CPU.Build.0 = Release|Any CPU
		{998D84A1-7F9C-47E1-AE6B-4E07A6742676}.Debug|Any CPU.ActiveCfg = Debug|Any CPU
		{998D84A1-7F9C-47E1-AE6B-4E07A6742676}.Debug|Any CPU.Build.0 = Debug|Any CPU
		{998D84A1-7F9C-47E1-AE6B-4E07A6742676}.Release|Any CPU.ActiveCfg = Release|Any CPU
		{998D84A1-7F9C-47E1-AE6B-4E07A6742676}.Release|Any CPU.Build.0 = Release|Any CPU
		{86395E4E-2909-4B95-A112-64667315204A}.Debug|Any CPU.ActiveCfg = Debug|Any CPU
		{86395E4E-2909-4B95-A112-64667315204A}.Debug|Any CPU.Build.0 = Debug|Any CPU
		{86395E4E-2909-4B95-A112-64667315204A}.Release|Any CPU.ActiveCfg = Release|Any CPU
		{86395E4E-2909-4B95-A112-64667315204A}.Release|Any CPU.Build.0 = Release|Any CPU
	EndGlobalSection
	GlobalSection(SolutionProperties) = preSolution
		HideSolutionNode = FALSE
	EndGlobalSection
	GlobalSection(ExtensibilityGlobals) = postSolution
		SolutionGuid = {4B3886F7-DFAA-43BA-8980-CE987500C541}
	EndGlobalSection
EndGlobal
