
Microsoft Visual Studio Solution File, Format Version 12.00
# Visual Studio Version 17
VisualStudioVersion = 17.14.36518.9 d17.14
MinimumVisualStudioVersion = 10.0.40219.1
Project("{FAE04EC0-301F-11D3-BF4B-00C04F79EFBC}") = "ComponenteEj1", "ComponenteEj1\ComponenteEj1.csproj", "{0B794F20-6B92-470B-B27D-F8CD3519AE99}"
EndProject
Project("{FAE04EC0-301F-11D3-BF4B-00C04F79EFBC}") = "FormEjercicio1", "FormEjercicio1\FormEjercicio1.csproj", "{C633690E-C7E1-463E-A405-A3D2864BE190}"
EndProject
Global
	GlobalSection(SolutionConfigurationPlatforms) = preSolution
		Debug|Any CPU = Debug|Any CPU
		Release|Any CPU = Release|Any CPU
	EndGlobalSection
	GlobalSection(ProjectConfigurationPlatforms) = postSolution
		{0B794F20-6B92-470B-B27D-F8CD3519AE99}.Debug|Any CPU.ActiveCfg = Debug|Any CPU
		{0B794F20-6B92-470B-B27D-F8CD3519AE99}.Debug|Any CPU.Build.0 = Debug|Any CPU
		{0B794F20-6B92-470B-B27D-F8CD3519AE99}.Release|Any CPU.ActiveCfg = Release|Any CPU
		{0B794F20-6B92-470B-B27D-F8CD3519AE99}.Release|Any CPU.Build.0 = Release|Any CPU
		{C633690E-C7E1-463E-A405-A3D2864BE190}.Debug|Any CPU.ActiveCfg = Debug|Any CPU
		{C633690E-C7E1-463E-A405-A3D2864BE190}.Debug|Any CPU.Build.0 = Debug|Any CPU
		{C633690E-C7E1-463E-A405-A3D2864BE190}.Release|Any CPU.ActiveCfg = Release|Any CPU
		{C633690E-C7E1-463E-A405-A3D2864BE190}.Release|Any CPU.Build.0 = Release|Any CPU
	EndGlobalSection
	GlobalSection(SolutionProperties) = preSolution
		HideSolutionNode = FALSE
	EndGlobalSection
	GlobalSection(ExtensibilityGlobals) = postSolution
		SolutionGuid = {69592C1E-4DDA-45D5-A218-9ED6A229822F}
	EndGlobalSection
EndGlobal
